
Microsoft Visual Studio Solution File, Format Version 12.00
# Visual Studio Version 17
VisualStudioVersion = 17.2.32210.308
MinimumVisualStudioVersion = 10.0.40219.1
Project("{9A19103F-16F7-4668-BE54-9A1E7A4F7556}") = "CtrTexTool", "CtrTexTool\CtrTexTool.csproj", "{3F8EFD9D-FA17-433C-842A-6AECEF58C87A}"
EndProject
Global
	GlobalSection(SolutionConfigurationPlatforms) = preSolution
		Debug|Any CPU = Debug|Any CPU
		Release|Any CPU = Release|Any CPU
	EndGlobalSection
	GlobalSection(ProjectConfigurationPlatforms) = postSolution
		{3F8EFD9D-FA17-433C-842A-6AECEF58C87A}.Debug|Any CPU.ActiveCfg = Debug|Any CPU
		{3F8EFD9D-FA17-433C-842A-6AECEF58C87A}.Debug|Any CPU.Build.0 = Debug|Any CPU
		{3F8EFD9D-FA17-433C-842A-6AECEF58C87A}.Release|Any CPU.ActiveCfg = Release|Any CPU
		{3F8EFD9D-FA17-433C-842A-6AECEF58C87A}.Release|Any CPU.Build.0 = Release|Any CPU
		{F316746D-202B-4F84-B647-6EE31A59ABF1}.Debug|Any CPU.ActiveCfg = Debug|Any CPU
		{F316746D-202B-4F84-B647-6EE31A59ABF1}.Debug|Any CPU.Build.0 = Debug|Any CPU
		{F316746D-202B-4F84-B647-6EE31A59ABF1}.Release|Any CPU.ActiveCfg = Release|Any CPU
		{F316746D-202B-4F84-B647-6EE31A59ABF1}.Release|Any CPU.Build.0 = Release|Any CPU
	EndGlobalSection
	GlobalSection(SolutionProperties) = preSolution
		HideSolutionNode = FALSE
	EndGlobalSection
	GlobalSection(ExtensibilityGlobals) = postSolution
		SolutionGuid = {E4CAE21B-8FF6-43FC-8D41-10710050FC59}
	EndGlobalSection
EndGlobal
